// !$*UTF8*$!
{
	archiveVersion = 1;
	classes = {
	};
	objectVersion = 46;
	objects = {

/* Begin PBXBuildFile section */
		7FAA85651C17FDC00011DA8D /* extobjc.h in Headers */ = {isa = PBXBuildFile; fileRef = 7FAA85641C17FDC00011DA8D /* extobjc.h */; settings = {ATTRIBUTES = (Public, ); }; };
		7FAA85831C17FE1E0011DA8D /* EXTADT.h in Headers */ = {isa = PBXBuildFile; fileRef = 7FAA856C1C17FE1E0011DA8D /* EXTADT.h */; settings = {ATTRIBUTES = (Public, ); }; };
		7FAA85841C17FE1E0011DA8D /* EXTADT.m in Sources */ = {isa = PBXBuildFile; fileRef = 7FAA856D1C17FE1E0011DA8D /* EXTADT.m */; };
		7FAA85851C17FE1E0011DA8D /* EXTConcreteProtocol.h in Headers */ = {isa = PBXBuildFile; fileRef = 7FAA856E1C17FE1E0011DA8D /* EXTConcreteProtocol.h */; settings = {ATTRIBUTES = (Public, ); }; };
		7FAA85861C17FE1E0011DA8D /* EXTConcreteProtocol.m in Sources */ = {isa = PBXBuildFile; fileRef = 7FAA856F1C17FE1E0011DA8D /* EXTConcreteProtocol.m */; };
		7FAA85871C17FE1E0011DA8D /* EXTCoroutine.h in Headers */ = {isa = PBXBuildFile; fileRef = 7FAA85701C17FE1E0011DA8D /* EXTCoroutine.h */; };
		7FAA85881C17FE1E0011DA8D /* EXTKeyPathCoding.h in Headers */ = {isa = PBXBuildFile; fileRef = 7FAA85711C17FE1E0011DA8D /* EXTKeyPathCoding.h */; settings = {ATTRIBUTES = (Public, ); }; };
		7FAA85891C17FE1E0011DA8D /* EXTNil.h in Headers */ = {isa = PBXBuildFile; fileRef = 7FAA85721C17FE1E0011DA8D /* EXTNil.h */; settings = {ATTRIBUTES = (Public, ); }; };
		7FAA858A1C17FE1E0011DA8D /* EXTNil.m in Sources */ = {isa = PBXBuildFile; fileRef = 7FAA85731C17FE1E0011DA8D /* EXTNil.m */; };
		7FAA858B1C17FE1E0011DA8D /* extobjc_Prefix.pch in Headers */ = {isa = PBXBuildFile; fileRef = 7FAA85741C17FE1E0011DA8D /* extobjc_Prefix.pch */; };
		7FAA858C1C17FE1E0011DA8D /* EXTRuntimeExtensions.h in Headers */ = {isa = PBXBuildFile; fileRef = 7FAA85751C17FE1E0011DA8D /* EXTRuntimeExtensions.h */; settings = {ATTRIBUTES = (Public, ); }; };
		7FAA858D1C17FE1E0011DA8D /* EXTRuntimeExtensions.m in Sources */ = {isa = PBXBuildFile; fileRef = 7FAA85761C17FE1E0011DA8D /* EXTRuntimeExtensions.m */; };
		7FAA858E1C17FE1E0011DA8D /* EXTSafeCategory.h in Headers */ = {isa = PBXBuildFile; fileRef = 7FAA85771C17FE1E0011DA8D /* EXTSafeCategory.h */; settings = {ATTRIBUTES = (Public, ); }; };
		7FAA858F1C17FE1E0011DA8D /* EXTSafeCategory.m in Sources */ = {isa = PBXBuildFile; fileRef = 7FAA85781C17FE1E0011DA8D /* EXTSafeCategory.m */; };
		7FAA85901C17FE1E0011DA8D /* EXTScope.h in Headers */ = {isa = PBXBuildFile; fileRef = 7FAA85791C17FE1E0011DA8D /* EXTScope.h */; settings = {ATTRIBUTES = (Public, ); }; };
		7FAA85911C17FE1E0011DA8D /* EXTScope.m in Sources */ = {isa = PBXBuildFile; fileRef = 7FAA857A1C17FE1E0011DA8D /* EXTScope.m */; };
		7FAA85921C17FE1E0011DA8D /* EXTSelectorChecking.h in Headers */ = {isa = PBXBuildFile; fileRef = 7FAA857B1C17FE1E0011DA8D /* EXTSelectorChecking.h */; settings = {ATTRIBUTES = (Public, ); }; };
		7FAA85931C17FE1E0011DA8D /* EXTSelectorChecking.m in Sources */ = {isa = PBXBuildFile; fileRef = 7FAA857C1C17FE1E0011DA8D /* EXTSelectorChecking.m */; };
		7FAA85941C17FE1E0011DA8D /* EXTSynthesize.h in Headers */ = {isa = PBXBuildFile; fileRef = 7FAA857D1C17FE1E0011DA8D /* EXTSynthesize.h */; settings = {ATTRIBUTES = (Public, ); }; };
		7FAA85951C17FE1E0011DA8D /* metamacros.h in Headers */ = {isa = PBXBuildFile; fileRef = 7FAA857E1C17FE1E0011DA8D /* metamacros.h */; settings = {ATTRIBUTES = (Public, ); }; };
		7FAA85961C17FE1E0011DA8D /* NSInvocation+EXT.h in Headers */ = {isa = PBXBuildFile; fileRef = 7FAA857F1C17FE1E0011DA8D /* NSInvocation+EXT.h */; settings = {ATTRIBUTES = (Public, ); }; };
		7FAA85971C17FE1E0011DA8D /* NSInvocation+EXT.m in Sources */ = {isa = PBXBuildFile; fileRef = 7FAA85801C17FE1E0011DA8D /* NSInvocation+EXT.m */; };
		7FAA85981C17FE1E0011DA8D /* NSMethodSignature+EXT.h in Headers */ = {isa = PBXBuildFile; fileRef = 7FAA85811C17FE1E0011DA8D /* NSMethodSignature+EXT.h */; settings = {ATTRIBUTES = (Public, ); }; };
		7FAA85991C17FE1E0011DA8D /* NSMethodSignature+EXT.m in Sources */ = {isa = PBXBuildFile; fileRef = 7FAA85821C17FE1E0011DA8D /* NSMethodSignature+EXT.m */; };
		7FAA85A71C18024F0011DA8D /* EXTADT.h in Headers */ = {isa = PBXBuildFile; fileRef = 7FAA856C1C17FE1E0011DA8D /* EXTADT.h */; settings = {ATTRIBUTES = (Public, ); }; };
		7FAA85A81C18024F0011DA8D /* EXTADT.m in Sources */ = {isa = PBXBuildFile; fileRef = 7FAA856D1C17FE1E0011DA8D /* EXTADT.m */; };
		7FAA85A91C18024F0011DA8D /* EXTConcreteProtocol.h in Headers */ = {isa = PBXBuildFile; fileRef = 7FAA856E1C17FE1E0011DA8D /* EXTConcreteProtocol.h */; settings = {ATTRIBUTES = (Public, ); }; };
		7FAA85AA1C18024F0011DA8D /* EXTConcreteProtocol.m in Sources */ = {isa = PBXBuildFile; fileRef = 7FAA856F1C17FE1E0011DA8D /* EXTConcreteProtocol.m */; };
		7FAA85AB1C18024F0011DA8D /* EXTCoroutine.h in Headers */ = {isa = PBXBuildFile; fileRef = 7FAA85701C17FE1E0011DA8D /* EXTCoroutine.h */; };
		7FAA85AC1C18024F0011DA8D /* EXTKeyPathCoding.h in Headers */ = {isa = PBXBuildFile; fileRef = 7FAA85711C17FE1E0011DA8D /* EXTKeyPathCoding.h */; settings = {ATTRIBUTES = (Public, ); }; };
		7FAA85AD1C18024F0011DA8D /* EXTNil.h in Headers */ = {isa = PBXBuildFile; fileRef = 7FAA85721C17FE1E0011DA8D /* EXTNil.h */; settings = {ATTRIBUTES = (Public, ); }; };
		7FAA85AE1C18024F0011DA8D /* EXTNil.m in Sources */ = {isa = PBXBuildFile; fileRef = 7FAA85731C17FE1E0011DA8D /* EXTNil.m */; };
		7FAA85AF1C18024F0011DA8D /* extobjc_Prefix.pch in Headers */ = {isa = PBXBuildFile; fileRef = 7FAA85741C17FE1E0011DA8D /* extobjc_Prefix.pch */; };
		7FAA85B01C18024F0011DA8D /* EXTRuntimeExtensions.h in Headers */ = {isa = PBXBuildFile; fileRef = 7FAA85751C17FE1E0011DA8D /* EXTRuntimeExtensions.h */; settings = {ATTRIBUTES = (Public, ); }; };
		7FAA85B11C18024F0011DA8D /* EXTRuntimeExtensions.m in Sources */ = {isa = PBXBuildFile; fileRef = 7FAA85761C17FE1E0011DA8D /* EXTRuntimeExtensions.m */; };
		7FAA85B21C18024F0011DA8D /* EXTSafeCategory.h in Headers */ = {isa = PBXBuildFile; fileRef = 7FAA85771C17FE1E0011DA8D /* EXTSafeCategory.h */; settings = {ATTRIBUTES = (Public, ); }; };
		7FAA85B31C18024F0011DA8D /* EXTSafeCategory.m in Sources */ = {isa = PBXBuildFile; fileRef = 7FAA85781C17FE1E0011DA8D /* EXTSafeCategory.m */; };
		7FAA85B41C18024F0011DA8D /* EXTScope.h in Headers */ = {isa = PBXBuildFile; fileRef = 7FAA85791C17FE1E0011DA8D /* EXTScope.h */; settings = {ATTRIBUTES = (Public, ); }; };
		7FAA85B51C18024F0011DA8D /* EXTScope.m in Sources */ = {isa = PBXBuildFile; fileRef = 7FAA857A1C17FE1E0011DA8D /* EXTScope.m */; };
		7FAA85B61C18024F0011DA8D /* EXTSelectorChecking.h in Headers */ = {isa = PBXBuildFile; fileRef = 7FAA857B1C17FE1E0011DA8D /* EXTSelectorChecking.h */; settings = {ATTRIBUTES = (Public, ); }; };
		7FAA85B71C18024F0011DA8D /* EXTSelectorChecking.m in Sources */ = {isa = PBXBuildFile; fileRef = 7FAA857C1C17FE1E0011DA8D /* EXTSelectorChecking.m */; };
		7FAA85B81C18024F0011DA8D /* EXTSynthesize.h in Headers */ = {isa = PBXBuildFile; fileRef = 7FAA857D1C17FE1E0011DA8D /* EXTSynthesize.h */; settings = {ATTRIBUTES = (Public, ); }; };
		7FAA85B91C18024F0011DA8D /* metamacros.h in Headers */ = {isa = PBXBuildFile; fileRef = 7FAA857E1C17FE1E0011DA8D /* metamacros.h */; settings = {ATTRIBUTES = (Public, ); }; };
		7FAA85BA1C18024F0011DA8D /* NSInvocation+EXT.h in Headers */ = {isa = PBXBuildFile; fileRef = 7FAA857F1C17FE1E0011DA8D /* NSInvocation+EXT.h */; settings = {ATTRIBUTES = (Public, ); }; };
		7FAA85BB1C18024F0011DA8D /* NSInvocation+EXT.m in Sources */ = {isa = PBXBuildFile; fileRef = 7FAA85801C17FE1E0011DA8D /* NSInvocation+EXT.m */; };
		7FAA85BC1C18024F0011DA8D /* NSMethodSignature+EXT.h in Headers */ = {isa = PBXBuildFile; fileRef = 7FAA85811C17FE1E0011DA8D /* NSMethodSignature+EXT.h */; settings = {ATTRIBUTES = (Public, ); }; };
		7FAA85BD1C18024F0011DA8D /* NSMethodSignature+EXT.m in Sources */ = {isa = PBXBuildFile; fileRef = 7FAA85821C17FE1E0011DA8D /* NSMethodSignature+EXT.m */; };
		7FAA85C11C18055C0011DA8D /* extobjc.h in Headers */ = {isa = PBXBuildFile; fileRef = 7FAA85641C17FDC00011DA8D /* extobjc.h */; settings = {ATTRIBUTES = (Public, ); }; };
/* End PBXBuildFile section */

/* Begin PBXFileReference section */
		7FAA85611C17FDC00011DA8D /* libextobjc.framework */ = {isa = PBXFileReference; explicitFileType = wrapper.framework; includeInIndex = 0; path = libextobjc.framework; sourceTree = BUILT_PRODUCTS_DIR; };
		7FAA85641C17FDC00011DA8D /* extobjc.h */ = {isa = PBXFileReference; lastKnownFileType = sourcecode.c.h; path = extobjc.h; sourceTree = "<group>"; };
		7FAA85661C17FDC00011DA8D /* Info.plist */ = {isa = PBXFileReference; lastKnownFileType = text.plist.xml; path = Info.plist; sourceTree = "<group>"; };
		7FAA856C1C17FE1E0011DA8D /* EXTADT.h */ = {isa = PBXFileReference; fileEncoding = 4; lastKnownFileType = sourcecode.c.h; path = EXTADT.h; sourceTree = "<group>"; };
		7FAA856D1C17FE1E0011DA8D /* EXTADT.m */ = {isa = PBXFileReference; fileEncoding = 4; lastKnownFileType = sourcecode.c.objc; path = EXTADT.m; sourceTree = "<group>"; };
		7FAA856E1C17FE1E0011DA8D /* EXTConcreteProtocol.h */ = {isa = PBXFileReference; fileEncoding = 4; lastKnownFileType = sourcecode.c.h; path = EXTConcreteProtocol.h; sourceTree = "<group>"; };
		7FAA856F1C17FE1E0011DA8D /* EXTConcreteProtocol.m */ = {isa = PBXFileReference; fileEncoding = 4; lastKnownFileType = sourcecode.c.objc; path = EXTConcreteProtocol.m; sourceTree = "<group>"; };
		7FAA85701C17FE1E0011DA8D /* EXTCoroutine.h */ = {isa = PBXFileReference; fileEncoding = 4; lastKnownFileType = sourcecode.c.h; path = EXTCoroutine.h; sourceTree = "<group>"; };
		7FAA85711C17FE1E0011DA8D /* EXTKeyPathCoding.h */ = {isa = PBXFileReference; fileEncoding = 4; lastKnownFileType = sourcecode.c.h; path = EXTKeyPathCoding.h; sourceTree = "<group>"; };
		7FAA85721C17FE1E0011DA8D /* EXTNil.h */ = {isa = PBXFileReference; fileEncoding = 4; lastKnownFileType = sourcecode.c.h; path = EXTNil.h; sourceTree = "<group>"; };
		7FAA85731C17FE1E0011DA8D /* EXTNil.m */ = {isa = PBXFileReference; fileEncoding = 4; lastKnownFileType = sourcecode.c.objc; path = EXTNil.m; sourceTree = "<group>"; };
		7FAA85741C17FE1E0011DA8D /* extobjc_Prefix.pch */ = {isa = PBXFileReference; fileEncoding = 4; lastKnownFileType = sourcecode.c.h; path = extobjc_Prefix.pch; sourceTree = "<group>"; };
		7FAA85751C17FE1E0011DA8D /* EXTRuntimeExtensions.h */ = {isa = PBXFileReference; fileEncoding = 4; lastKnownFileType = sourcecode.c.h; path = EXTRuntimeExtensions.h; sourceTree = "<group>"; };
		7FAA85761C17FE1E0011DA8D /* EXTRuntimeExtensions.m */ = {isa = PBXFileReference; fileEncoding = 4; lastKnownFileType = sourcecode.c.objc; path = EXTRuntimeExtensions.m; sourceTree = "<group>"; };
		7FAA85771C17FE1E0011DA8D /* EXTSafeCategory.h */ = {isa = PBXFileReference; fileEncoding = 4; lastKnownFileType = sourcecode.c.h; path = EXTSafeCategory.h; sourceTree = "<group>"; };
		7FAA85781C17FE1E0011DA8D /* EXTSafeCategory.m */ = {isa = PBXFileReference; fileEncoding = 4; lastKnownFileType = sourcecode.c.objc; path = EXTSafeCategory.m; sourceTree = "<group>"; };
		7FAA85791C17FE1E0011DA8D /* EXTScope.h */ = {isa = PBXFileReference; fileEncoding = 4; lastKnownFileType = sourcecode.c.h; path = EXTScope.h; sourceTree = "<group>"; };
		7FAA857A1C17FE1E0011DA8D /* EXTScope.m */ = {isa = PBXFileReference; fileEncoding = 4; lastKnownFileType = sourcecode.c.objc; path = EXTScope.m; sourceTree = "<group>"; };
		7FAA857B1C17FE1E0011DA8D /* EXTSelectorChecking.h */ = {isa = PBXFileReference; fileEncoding = 4; lastKnownFileType = sourcecode.c.h; path = EXTSelectorChecking.h; sourceTree = "<group>"; };
		7FAA857C1C17FE1E0011DA8D /* EXTSelectorChecking.m */ = {isa = PBXFileReference; fileEncoding = 4; lastKnownFileType = sourcecode.c.objc; path = EXTSelectorChecking.m; sourceTree = "<group>"; };
		7FAA857D1C17FE1E0011DA8D /* EXTSynthesize.h */ = {isa = PBXFileReference; fileEncoding = 4; lastKnownFileType = sourcecode.c.h; path = EXTSynthesize.h; sourceTree = "<group>"; };
		7FAA857E1C17FE1E0011DA8D /* metamacros.h */ = {isa = PBXFileReference; fileEncoding = 4; lastKnownFileType = sourcecode.c.h; path = metamacros.h; sourceTree = "<group>"; };
		7FAA857F1C17FE1E0011DA8D /* NSInvocation+EXT.h */ = {isa = PBXFileReference; fileEncoding = 4; lastKnownFileType = sourcecode.c.h; path = "NSInvocation+EXT.h"; sourceTree = "<group>"; };
		7FAA85801C17FE1E0011DA8D /* NSInvocation+EXT.m */ = {isa = PBXFileReference; fileEncoding = 4; lastKnownFileType = sourcecode.c.objc; path = "NSInvocation+EXT.m"; sourceTree = "<group>"; };
		7FAA85811C17FE1E0011DA8D /* NSMethodSignature+EXT.h */ = {isa = PBXFileReference; fileEncoding = 4; lastKnownFileType = sourcecode.c.h; path = "NSMethodSignature+EXT.h"; sourceTree = "<group>"; };
		7FAA85821C17FE1E0011DA8D /* NSMethodSignature+EXT.m */ = {isa = PBXFileReference; fileEncoding = 4; lastKnownFileType = sourcecode.c.objc; path = "NSMethodSignature+EXT.m"; sourceTree = "<group>"; };
		7FAA859F1C1801C00011DA8D /* libextobjc.framework */ = {isa = PBXFileReference; explicitFileType = wrapper.framework; includeInIndex = 0; path = libextobjc.framework; sourceTree = BUILT_PRODUCTS_DIR; };
		7FAA85C31C18066C0011DA8D /* EXTADTTest.h */ = {isa = PBXFileReference; lastKnownFileType = sourcecode.c.h; path = EXTADTTest.h; sourceTree = "<group>"; };
		7FAA85C41C18066C0011DA8D /* EXTADTTest.m */ = {isa = PBXFileReference; lastKnownFileType = sourcecode.c.objc; path = EXTADTTest.m; sourceTree = "<group>"; };
		7FAA85C51C18066C0011DA8D /* EXTConcreteProtocolTest.h */ = {isa = PBXFileReference; lastKnownFileType = sourcecode.c.h; path = EXTConcreteProtocolTest.h; sourceTree = "<group>"; };
		7FAA85C61C18066C0011DA8D /* EXTConcreteProtocolTest.m */ = {isa = PBXFileReference; lastKnownFileType = sourcecode.c.objc; path = EXTConcreteProtocolTest.m; sourceTree = "<group>"; };
		7FAA85C71C18066C0011DA8D /* EXTCoroutineTest.h */ = {isa = PBXFileReference; lastKnownFileType = sourcecode.c.h; path = EXTCoroutineTest.h; sourceTree = "<group>"; };
		7FAA85C81C18066C0011DA8D /* EXTCoroutineTest.m */ = {isa = PBXFileReference; lastKnownFileType = sourcecode.c.objc; path = EXTCoroutineTest.m; sourceTree = "<group>"; };
		7FAA85C91C18066C0011DA8D /* EXTKeyPathCodingTest.h */ = {isa = PBXFileReference; lastKnownFileType = sourcecode.c.h; path = EXTKeyPathCodingTest.h; sourceTree = "<group>"; };
		7FAA85CA1C18066C0011DA8D /* EXTKeyPathCodingTest.m */ = {isa = PBXFileReference; lastKnownFileType = sourcecode.c.objc; path = EXTKeyPathCodingTest.m; sourceTree = "<group>"; };
		7FAA85CB1C18066C0011DA8D /* EXTKeypathWeakWarningTest.h */ = {isa = PBXFileReference; lastKnownFileType = sourcecode.c.h; path = EXTKeypathWeakWarningTest.h; sourceTree = "<group>"; };
		7FAA85CC1C18066C0011DA8D /* EXTKeypathWeakWarningTest.m */ = {isa = PBXFileReference; lastKnownFileType = sourcecode.c.objc; path = EXTKeypathWeakWarningTest.m; sourceTree = "<group>"; };
		7FAA85CD1C18066C0011DA8D /* EXTNilTest.h */ = {isa = PBXFileReference; lastKnownFileType = sourcecode.c.h; path = EXTNilTest.h; sourceTree = "<group>"; };
		7FAA85CE1C18066C0011DA8D /* EXTNilTest.m */ = {isa = PBXFileReference; lastKnownFileType = sourcecode.c.objc; path = EXTNilTest.m; sourceTree = "<group>"; };
		7FAA85CF1C18066C0011DA8D /* EXTObjectiveCppCompileTest.h */ = {isa = PBXFileReference; lastKnownFileType = sourcecode.c.h; path = EXTObjectiveCppCompileTest.h; sourceTree = "<group>"; };
		7FAA85D01C18066C0011DA8D /* EXTObjectiveCppCompileTest.mm */ = {isa = PBXFileReference; lastKnownFileType = sourcecode.cpp.objcpp; path = EXTObjectiveCppCompileTest.mm; sourceTree = "<group>"; };
		7FAA85D11C18066C0011DA8D /* EXTRuntimeExtensionsTest.h */ = {isa = PBXFileReference; lastKnownFileType = sourcecode.c.h; path = EXTRuntimeExtensionsTest.h; sourceTree = "<group>"; };
		7FAA85D21C18066C0011DA8D /* EXTRuntimeExtensionsTest.m */ = {isa = PBXFileReference; lastKnownFileType = sourcecode.c.objc; path = EXTRuntimeExtensionsTest.m; sourceTree = "<group>"; };
		7FAA85D31C18066C0011DA8D /* EXTRuntimeTestProtocol.h */ = {isa = PBXFileReference; lastKnownFileType = sourcecode.c.h; path = EXTRuntimeTestProtocol.h; sourceTree = "<group>"; };
		7FAA85D41C18066C0011DA8D /* EXTSafeCategoryTest.h */ = {isa = PBXFileReference; lastKnownFileType = sourcecode.c.h; path = EXTSafeCategoryTest.h; sourceTree = "<group>"; };
		7FAA85D51C18066C0011DA8D /* EXTSafeCategoryTest.m */ = {isa = PBXFileReference; lastKnownFileType = sourcecode.c.objc; path = EXTSafeCategoryTest.m; sourceTree = "<group>"; };
		7FAA85D61C18066C0011DA8D /* EXTScopeTest.h */ = {isa = PBXFileReference; lastKnownFileType = sourcecode.c.h; path = EXTScopeTest.h; sourceTree = "<group>"; };
		7FAA85D71C18066C0011DA8D /* EXTScopeTest.m */ = {isa = PBXFileReference; lastKnownFileType = sourcecode.c.objc; path = EXTScopeTest.m; sourceTree = "<group>"; };
		7FAA85D81C18066C0011DA8D /* EXTSelectorCheckingTest.h */ = {isa = PBXFileReference; lastKnownFileType = sourcecode.c.h; path = EXTSelectorCheckingTest.h; sourceTree = "<group>"; };
		7FAA85D91C18066C0011DA8D /* EXTSelectorCheckingTest.m */ = {isa = PBXFileReference; lastKnownFileType = sourcecode.c.objc; path = EXTSelectorCheckingTest.m; sourceTree = "<group>"; };
		7FAA85DA1C18066C0011DA8D /* EXTSynthesizeTest.h */ = {isa = PBXFileReference; lastKnownFileType = sourcecode.c.h; path = EXTSynthesizeTest.h; sourceTree = "<group>"; };
		7FAA85DB1C18066C0011DA8D /* EXTSynthesizeTest.m */ = {isa = PBXFileReference; lastKnownFileType = sourcecode.c.objc; path = EXTSynthesizeTest.m; sourceTree = "<group>"; };
		7FAA85DC1C18066C0011DA8D /* iOS-Info.plist */ = {isa = PBXFileReference; lastKnownFileType = text.plist.xml; path = "iOS-Info.plist"; sourceTree = "<group>"; };
		7FAA85DD1C18066C0011DA8D /* OSX-Info.plist */ = {isa = PBXFileReference; lastKnownFileType = text.plist.xml; path = "OSX-Info.plist"; sourceTree = "<group>"; };
		7FFDBB041C3DFEAF00D44BA3 /* module.modulemap */ = {isa = PBXFileReference; fileEncoding = 4; lastKnownFileType = "sourcecode.module-map"; path = module.modulemap; sourceTree = "<group>"; };
/* End PBXFileReference section */

/* Begin PBXFrameworksBuildPhase section */
		7FAA855D1C17FDC00011DA8D /* Frameworks */ = {
			isa = PBXFrameworksBuildPhase;
			buildActionMask = 2147483647;
			files = (
			);
			runOnlyForDeploymentPostprocessing = 0;
		};
		7FAA859B1C1801C00011DA8D /* Frameworks */ = {
			isa = PBXFrameworksBuildPhase;
			buildActionMask = 2147483647;
			files = (
			);
			runOnlyForDeploymentPostprocessing = 0;
		};
/* End PBXFrameworksBuildPhase section */

/* Begin PBXGroup section */
		7FAA85571C17FDC00011DA8D = {
			isa = PBXGroup;
			children = (
				7FAA85631C17FDC00011DA8D /* extobjc */,
				7FAA85C21C1806330011DA8D /* Tests */,
				7FAA85621C17FDC00011DA8D /* Products */,
			);
			sourceTree = "<group>";
		};
		7FAA85621C17FDC00011DA8D /* Products */ = {
			isa = PBXGroup;
			children = (
				7FAA85611C17FDC00011DA8D /* libextobjc.framework */,
				7FAA859F1C1801C00011DA8D /* libextobjc.framework */,
			);
			name = Products;
			sourceTree = "<group>";
		};
		7FAA85631C17FDC00011DA8D /* extobjc */ = {
			isa = PBXGroup;
			children = (
				7FAA85661C17FDC00011DA8D /* Info.plist */,
				7FFDBB041C3DFEAF00D44BA3 /* module.modulemap */,
				7FAA85BE1C1803560011DA8D /* Modules */,
				7FAA85BF1C1803610011DA8D /* Extensions */,
				7FAA85C01C1803670011DA8D /* Other Sources */,
			);
			path = extobjc;
			sourceTree = "<group>";
		};
		7FAA85BE1C1803560011DA8D /* Modules */ = {
			isa = PBXGroup;
			children = (
				7FAA856C1C17FE1E0011DA8D /* EXTADT.h */,
				7FAA856D1C17FE1E0011DA8D /* EXTADT.m */,
				7FAA856E1C17FE1E0011DA8D /* EXTConcreteProtocol.h */,
				7FAA856F1C17FE1E0011DA8D /* EXTConcreteProtocol.m */,
				7FAA85701C17FE1E0011DA8D /* EXTCoroutine.h */,
				7FAA85711C17FE1E0011DA8D /* EXTKeyPathCoding.h */,
				7FAA85721C17FE1E0011DA8D /* EXTNil.h */,
				7FAA85731C17FE1E0011DA8D /* EXTNil.m */,
				7FAA85751C17FE1E0011DA8D /* EXTRuntimeExtensions.h */,
				7FAA85761C17FE1E0011DA8D /* EXTRuntimeExtensions.m */,
				7FAA85771C17FE1E0011DA8D /* EXTSafeCategory.h */,
				7FAA85781C17FE1E0011DA8D /* EXTSafeCategory.m */,
				7FAA85791C17FE1E0011DA8D /* EXTScope.h */,
				7FAA857A1C17FE1E0011DA8D /* EXTScope.m */,
				7FAA857B1C17FE1E0011DA8D /* EXTSelectorChecking.h */,
				7FAA857C1C17FE1E0011DA8D /* EXTSelectorChecking.m */,
				7FAA857D1C17FE1E0011DA8D /* EXTSynthesize.h */,
			);
			name = Modules;
			sourceTree = "<group>";
		};
		7FAA85BF1C1803610011DA8D /* Extensions */ = {
			isa = PBXGroup;
			children = (
				7FAA857F1C17FE1E0011DA8D /* NSInvocation+EXT.h */,
				7FAA85801C17FE1E0011DA8D /* NSInvocation+EXT.m */,
				7FAA85811C17FE1E0011DA8D /* NSMethodSignature+EXT.h */,
				7FAA85821C17FE1E0011DA8D /* NSMethodSignature+EXT.m */,
			);
			name = Extensions;
			sourceTree = "<group>";
		};
		7FAA85C01C1803670011DA8D /* Other Sources */ = {
			isa = PBXGroup;
			children = (
				7FAA85741C17FE1E0011DA8D /* extobjc_Prefix.pch */,
				7FAA85641C17FDC00011DA8D /* extobjc.h */,
				7FAA857E1C17FE1E0011DA8D /* metamacros.h */,
			);
			name = "Other Sources";
			sourceTree = "<group>";
		};
		7FAA85C21C1806330011DA8D /* Tests */ = {
			isa = PBXGroup;
			children = (
				7FAA85C31C18066C0011DA8D /* EXTADTTest.h */,
				7FAA85C41C18066C0011DA8D /* EXTADTTest.m */,
				7FAA85C51C18066C0011DA8D /* EXTConcreteProtocolTest.h */,
				7FAA85C61C18066C0011DA8D /* EXTConcreteProtocolTest.m */,
				7FAA85C71C18066C0011DA8D /* EXTCoroutineTest.h */,
				7FAA85C81C18066C0011DA8D /* EXTCoroutineTest.m */,
				7FAA85C91C18066C0011DA8D /* EXTKeyPathCodingTest.h */,
				7FAA85CA1C18066C0011DA8D /* EXTKeyPathCodingTest.m */,
				7FAA85CB1C18066C0011DA8D /* EXTKeypathWeakWarningTest.h */,
				7FAA85CC1C18066C0011DA8D /* EXTKeypathWeakWarningTest.m */,
				7FAA85CD1C18066C0011DA8D /* EXTNilTest.h */,
				7FAA85CE1C18066C0011DA8D /* EXTNilTest.m */,
				7FAA85CF1C18066C0011DA8D /* EXTObjectiveCppCompileTest.h */,
				7FAA85D01C18066C0011DA8D /* EXTObjectiveCppCompileTest.mm */,
				7FAA85D11C18066C0011DA8D /* EXTRuntimeExtensionsTest.h */,
				7FAA85D21C18066C0011DA8D /* EXTRuntimeExtensionsTest.m */,
				7FAA85D31C18066C0011DA8D /* EXTRuntimeTestProtocol.h */,
				7FAA85D41C18066C0011DA8D /* EXTSafeCategoryTest.h */,
				7FAA85D51C18066C0011DA8D /* EXTSafeCategoryTest.m */,
				7FAA85D61C18066C0011DA8D /* EXTScopeTest.h */,
				7FAA85D71C18066C0011DA8D /* EXTScopeTest.m */,
				7FAA85D81C18066C0011DA8D /* EXTSelectorCheckingTest.h */,
				7FAA85D91C18066C0011DA8D /* EXTSelectorCheckingTest.m */,
				7FAA85DA1C18066C0011DA8D /* EXTSynthesizeTest.h */,
				7FAA85DB1C18066C0011DA8D /* EXTSynthesizeTest.m */,
				7FAA85DC1C18066C0011DA8D /* iOS-Info.plist */,
				7FAA85DD1C18066C0011DA8D /* OSX-Info.plist */,
			);
			path = Tests;
			sourceTree = "<group>";
		};
/* End PBXGroup section */

/* Begin PBXHeadersBuildPhase section */
		7FAA855E1C17FDC00011DA8D /* Headers */ = {
			isa = PBXHeadersBuildPhase;
			buildActionMask = 2147483647;
			files = (
				7FAA85651C17FDC00011DA8D /* extobjc.h in Headers */,
				7FAA85831C17FE1E0011DA8D /* EXTADT.h in Headers */,
				7FAA85851C17FE1E0011DA8D /* EXTConcreteProtocol.h in Headers */,
				7FAA85881C17FE1E0011DA8D /* EXTKeyPathCoding.h in Headers */,
				7FAA85891C17FE1E0011DA8D /* EXTNil.h in Headers */,
				7FAA858C1C17FE1E0011DA8D /* EXTRuntimeExtensions.h in Headers */,
				7FAA858E1C17FE1E0011DA8D /* EXTSafeCategory.h in Headers */,
				7FAA85901C17FE1E0011DA8D /* EXTScope.h in Headers */,
				7FAA85921C17FE1E0011DA8D /* EXTSelectorChecking.h in Headers */,
				7FAA85871C17FE1E0011DA8D /* EXTCoroutine.h in Headers */,
				7FAA85941C17FE1E0011DA8D /* EXTSynthesize.h in Headers */,
				7FAA85951C17FE1E0011DA8D /* metamacros.h in Headers */,
				7FAA85981C17FE1E0011DA8D /* NSMethodSignature+EXT.h in Headers */,
				7FAA85961C17FE1E0011DA8D /* NSInvocation+EXT.h in Headers */,
				7FAA858B1C17FE1E0011DA8D /* extobjc_Prefix.pch in Headers */,
			);
			runOnlyForDeploymentPostprocessing = 0;
		};
		7FAA859C1C1801C00011DA8D /* Headers */ = {
			isa = PBXHeadersBuildPhase;
			buildActionMask = 2147483647;
			files = (
				7FAA85C11C18055C0011DA8D /* extobjc.h in Headers */,
				7FAA85A71C18024F0011DA8D /* EXTADT.h in Headers */,
				7FAA85A91C18024F0011DA8D /* EXTConcreteProtocol.h in Headers */,
				7FAA85AC1C18024F0011DA8D /* EXTKeyPathCoding.h in Headers */,
				7FAA85AD1C18024F0011DA8D /* EXTNil.h in Headers */,
				7FAA85B01C18024F0011DA8D /* EXTRuntimeExtensions.h in Headers */,
				7FAA85B21C18024F0011DA8D /* EXTSafeCategory.h in Headers */,
				7FAA85B41C18024F0011DA8D /* EXTScope.h in Headers */,
				7FAA85B61C18024F0011DA8D /* EXTSelectorChecking.h in Headers */,
				7FAA85AB1C18024F0011DA8D /* EXTCoroutine.h in Headers */,
				7FAA85B81C18024F0011DA8D /* EXTSynthesize.h in Headers */,
				7FAA85B91C18024F0011DA8D /* metamacros.h in Headers */,
				7FAA85BA1C18024F0011DA8D /* NSInvocation+EXT.h in Headers */,
				7FAA85BC1C18024F0011DA8D /* NSMethodSignature+EXT.h in Headers */,
				7FAA85AF1C18024F0011DA8D /* extobjc_Prefix.pch in Headers */,
			);
			runOnlyForDeploymentPostprocessing = 0;
		};
/* End PBXHeadersBuildPhase section */

/* Begin PBXNativeTarget section */
		7FAA85601C17FDC00011DA8D /* libextobjc (iOS) */ = {
			isa = PBXNativeTarget;
			buildConfigurationList = 7FAA85691C17FDC00011DA8D /* Build configuration list for PBXNativeTarget "libextobjc (iOS)" */;
			buildPhases = (
				7FAA855C1C17FDC00011DA8D /* Sources */,
				7FAA855D1C17FDC00011DA8D /* Frameworks */,
				7FAA855E1C17FDC00011DA8D /* Headers */,
				7FAA855F1C17FDC00011DA8D /* Resources */,
			);
			buildRules = (
			);
			dependencies = (
			);
			name = "libextobjc (iOS)";
			productName = extobjc;
			productReference = 7FAA85611C17FDC00011DA8D /* libextobjc.framework */;
			productType = "com.apple.product-type.framework";
		};
		7FAA859E1C1801C00011DA8D /* libextobjc (OS X) */ = {
			isa = PBXNativeTarget;
			buildConfigurationList = 7FAA85A41C1801C00011DA8D /* Build configuration list for PBXNativeTarget "libextobjc (OS X)" */;
			buildPhases = (
				7FAA859A1C1801C00011DA8D /* Sources */,
				7FAA859B1C1801C00011DA8D /* Frameworks */,
				7FAA859C1C1801C00011DA8D /* Headers */,
				7FAA859D1C1801C00011DA8D /* Resources */,
			);
			buildRules = (
			);
			dependencies = (
			);
			name = "libextobjc (OS X)";
			productName = extobjc;
			productReference = 7FAA859F1C1801C00011DA8D /* libextobjc.framework */;
			productType = "com.apple.product-type.framework";
		};
/* End PBXNativeTarget section */

/* Begin PBXProject section */
		7FAA85581C17FDC00011DA8D /* Project object */ = {
			isa = PBXProject;
			attributes = {
				LastUpgradeCheck = 0710;
				ORGANIZATIONNAME = "Shouzer Labs";
				TargetAttributes = {
					7FAA85601C17FDC00011DA8D = {
						CreatedOnToolsVersion = 7.1.1;
					};
					7FAA859E1C1801C00011DA8D = {
						CreatedOnToolsVersion = 7.1.1;
					};
				};
			};
			buildConfigurationList = 7FAA855B1C17FDC00011DA8D /* Build configuration list for PBXProject "extobjc" */;
			compatibilityVersion = "Xcode 3.2";
			developmentRegion = English;
			hasScannedForEncodings = 0;
			knownRegions = (
				en,
			);
			mainGroup = 7FAA85571C17FDC00011DA8D;
			productRefGroup = 7FAA85621C17FDC00011DA8D /* Products */;
			projectDirPath = "";
			projectRoot = "";
			targets = (
				7FAA859E1C1801C00011DA8D /* libextobjc (OS X) */,
				7FAA85601C17FDC00011DA8D /* libextobjc (iOS) */,
			);
		};
/* End PBXProject section */

/* Begin PBXResourcesBuildPhase section */
		7FAA855F1C17FDC00011DA8D /* Resources */ = {
			isa = PBXResourcesBuildPhase;
			buildActionMask = 2147483647;
			files = (
			);
			runOnlyForDeploymentPostprocessing = 0;
		};
		7FAA859D1C1801C00011DA8D /* Resources */ = {
			isa = PBXResourcesBuildPhase;
			buildActionMask = 2147483647;
			files = (
			);
			runOnlyForDeploymentPostprocessing = 0;
		};
/* End PBXResourcesBuildPhase section */

/* Begin PBXSourcesBuildPhase section */
		7FAA855C1C17FDC00011DA8D /* Sources */ = {
			isa = PBXSourcesBuildPhase;
			buildActionMask = 2147483647;
			files = (
				7FAA85931C17FE1E0011DA8D /* EXTSelectorChecking.m in Sources */,
				7FAA85991C17FE1E0011DA8D /* NSMethodSignature+EXT.m in Sources */,
				7FAA85911C17FE1E0011DA8D /* EXTScope.m in Sources */,
				7FAA85861C17FE1E0011DA8D /* EXTConcreteProtocol.m in Sources */,
				7FAA85841C17FE1E0011DA8D /* EXTADT.m in Sources */,
				7FAA85971C17FE1E0011DA8D /* NSInvocation+EXT.m in Sources */,
				7FAA858D1C17FE1E0011DA8D /* EXTRuntimeExtensions.m in Sources */,
				7FAA858A1C17FE1E0011DA8D /* EXTNil.m in Sources */,
				7FAA858F1C17FE1E0011DA8D /* EXTSafeCategory.m in Sources */,
			);
			runOnlyForDeploymentPostprocessing = 0;
		};
		7FAA859A1C1801C00011DA8D /* Sources */ = {
			isa = PBXSourcesBuildPhase;
			buildActionMask = 2147483647;
			files = (
				7FAA85B71C18024F0011DA8D /* EXTSelectorChecking.m in Sources */,
				7FAA85BD1C18024F0011DA8D /* NSMethodSignature+EXT.m in Sources */,
				7FAA85B51C18024F0011DA8D /* EXTScope.m in Sources */,
				7FAA85AA1C18024F0011DA8D /* EXTConcreteProtocol.m in Sources */,
				7FAA85A81C18024F0011DA8D /* EXTADT.m in Sources */,
				7FAA85BB1C18024F0011DA8D /* NSInvocation+EXT.m in Sources */,
				7FAA85B11C18024F0011DA8D /* EXTRuntimeExtensions.m in Sources */,
				7FAA85AE1C18024F0011DA8D /* EXTNil.m in Sources */,
				7FAA85B31C18024F0011DA8D /* EXTSafeCategory.m in Sources */,
			);
			runOnlyForDeploymentPostprocessing = 0;
		};
/* End PBXSourcesBuildPhase section */

/* Begin XCBuildConfiguration section */
		7FAA85671C17FDC00011DA8D /* Debug */ = {
			isa = XCBuildConfiguration;
			buildSettings = {
				ALWAYS_SEARCH_USER_PATHS = NO;
				APPLICATION_EXTENSION_API_ONLY = YES;
				CLANG_CXX_LANGUAGE_STANDARD = "gnu++0x";
				CLANG_CXX_LIBRARY = "libc++";
				CLANG_ENABLE_MODULES = YES;
				CLANG_ENABLE_OBJC_ARC = YES;
				CLANG_WARN_BOOL_CONVERSION = YES;
				CLANG_WARN_CONSTANT_CONVERSION = YES;
				CLANG_WARN_DIRECT_OBJC_ISA_USAGE = YES_ERROR;
				CLANG_WARN_EMPTY_BODY = YES;
				CLANG_WARN_ENUM_CONVERSION = YES;
				CLANG_WARN_INT_CONVERSION = YES;
				CLANG_WARN_OBJC_ROOT_CLASS = YES_ERROR;
				CLANG_WARN_UNREACHABLE_CODE = YES;
				CLANG_WARN__DUPLICATE_METHOD_MATCH = YES;
				"CODE_SIGN_IDENTITY[sdk=iphoneos*]" = "iPhone Developer";
				COPY_PHASE_STRIP = NO;
				CURRENT_PROJECT_VERSION = 1;
				DEBUG_INFORMATION_FORMAT = dwarf;
				DEFINES_MODULE = YES;
				ENABLE_STRICT_OBJC_MSGSEND = YES;
				ENABLE_TESTABILITY = YES;
				GCC_C_LANGUAGE_STANDARD = gnu99;
				GCC_DYNAMIC_NO_PIC = NO;
				GCC_NO_COMMON_BLOCKS = YES;
				GCC_OPTIMIZATION_LEVEL = 0;
				GCC_PREFIX_HEADER = extobjc/extobjc_Prefix.pch;
				GCC_PREPROCESSOR_DEFINITIONS = (
					"DEBUG=1",
					"$(inherited)",
				);
				GCC_WARN_64_TO_32_BIT_CONVERSION = YES;
				GCC_WARN_ABOUT_RETURN_TYPE = YES_ERROR;
				GCC_WARN_UNDECLARED_SELECTOR = YES;
				GCC_WARN_UNINITIALIZED_AUTOS = YES_AGGRESSIVE;
				GCC_WARN_UNUSED_FUNCTION = YES;
				GCC_WARN_UNUSED_VARIABLE = YES;
				IPHONEOS_DEPLOYMENT_TARGET = 8.0;
				MODULEMAP_FILE = extobjc/module.modulemap;
				MTL_ENABLE_DEBUG_INFO = YES;
				ONLY_ACTIVE_ARCH = YES;
				PRODUCT_NAME = libextobjc;
				SDKROOT = iphoneos;
				TARGETED_DEVICE_FAMILY = "1,2";
				VERSIONING_SYSTEM = "apple-generic";
				VERSION_INFO_PREFIX = "";
			};
			name = Debug;
		};
		7FAA85681C17FDC00011DA8D /* Release */ = {
			isa = XCBuildConfiguration;
			buildSettings = {
				ALWAYS_SEARCH_USER_PATHS = NO;
				APPLICATION_EXTENSION_API_ONLY = YES;
				CLANG_CXX_LANGUAGE_STANDARD = "gnu++0x";
				CLANG_CXX_LIBRARY = "libc++";
				CLANG_ENABLE_MODULES = YES;
				CLANG_ENABLE_OBJC_ARC = YES;
				CLANG_WARN_BOOL_CONVERSION = YES;
				CLANG_WARN_CONSTANT_CONVERSION = YES;
				CLANG_WARN_DIRECT_OBJC_ISA_USAGE = YES_ERROR;
				CLANG_WARN_EMPTY_BODY = YES;
				CLANG_WARN_ENUM_CONVERSION = YES;
				CLANG_WARN_INT_CONVERSION = YES;
				CLANG_WARN_OBJC_ROOT_CLASS = YES_ERROR;
				CLANG_WARN_UNREACHABLE_CODE = YES;
				CLANG_WARN__DUPLICATE_METHOD_MATCH = YES;
				"CODE_SIGN_IDENTITY[sdk=iphoneos*]" = "iPhone Developer";
				COPY_PHASE_STRIP = NO;
				CURRENT_PROJECT_VERSION = 1;
				DEBUG_INFORMATION_FORMAT = "dwarf-with-dsym";
				DEFINES_MODULE = YES;
				ENABLE_NS_ASSERTIONS = NO;
				ENABLE_STRICT_OBJC_MSGSEND = YES;
				GCC_C_LANGUAGE_STANDARD = gnu99;
				GCC_NO_COMMON_BLOCKS = YES;
				GCC_PREFIX_HEADER = extobjc/extobjc_Prefix.pch;
				GCC_WARN_64_TO_32_BIT_CONVERSION = YES;
				GCC_WARN_ABOUT_RETURN_TYPE = YES_ERROR;
				GCC_WARN_UNDECLARED_SELECTOR = YES;
				GCC_WARN_UNINITIALIZED_AUTOS = YES_AGGRESSIVE;
				GCC_WARN_UNUSED_FUNCTION = YES;
				GCC_WARN_UNUSED_VARIABLE = YES;
				IPHONEOS_DEPLOYMENT_TARGET = 8.0;
				MODULEMAP_FILE = extobjc/module.modulemap;
				MTL_ENABLE_DEBUG_INFO = NO;
				PRODUCT_NAME = libextobjc;
				SDKROOT = iphoneos;
				TARGETED_DEVICE_FAMILY = "1,2";
				VALIDATE_PRODUCT = YES;
				VERSIONING_SYSTEM = "apple-generic";
				VERSION_INFO_PREFIX = "";
			};
			name = Release;
		};
		7FAA856A1C17FDC00011DA8D /* Debug */ = {
			isa = XCBuildConfiguration;
			buildSettings = {
				DYLIB_COMPATIBILITY_VERSION = 1;
				DYLIB_CURRENT_VERSION = 1;
				DYLIB_INSTALL_NAME_BASE = "@rpath";
				INFOPLIST_FILE = extobjc/Info.plist;
				INSTALL_PATH = "$(LOCAL_LIBRARY_DIR)/Frameworks";
				LD_RUNPATH_SEARCH_PATHS = "$(inherited) @executable_path/Frameworks @loader_path/Frameworks";
				PRODUCT_BUNDLE_IDENTIFIER = com.shouzer.extobjc;
				SKIP_INSTALL = YES;
			};
			name = Debug;
		};
		7FAA856B1C17FDC00011DA8D /* Release */ = {
			isa = XCBuildConfiguration;
			buildSettings = {
				DYLIB_COMPATIBILITY_VERSION = 1;
				DYLIB_CURRENT_VERSION = 1;
				DYLIB_INSTALL_NAME_BASE = "@rpath";
				INFOPLIST_FILE = extobjc/Info.plist;
				INSTALL_PATH = "$(LOCAL_LIBRARY_DIR)/Frameworks";
				LD_RUNPATH_SEARCH_PATHS = "$(inherited) @executable_path/Frameworks @loader_path/Frameworks";
				PRODUCT_BUNDLE_IDENTIFIER = com.shouzer.extobjc;
				SKIP_INSTALL = YES;
			};
			name = Release;
		};
		7FAA85A51C1801C00011DA8D /* Debug */ = {
			isa = XCBuildConfiguration;
			buildSettings = {
				CODE_SIGN_IDENTITY = "-";
				COMBINE_HIDPI_IMAGES = YES;
				DYLIB_COMPATIBILITY_VERSION = 1;
				DYLIB_CURRENT_VERSION = 1;
				DYLIB_INSTALL_NAME_BASE = "@rpath";
				FRAMEWORK_VERSION = A;
				INFOPLIST_FILE = extobjc/Info.plist;
				INSTALL_PATH = "$(LOCAL_LIBRARY_DIR)/Frameworks";
				LD_RUNPATH_SEARCH_PATHS = "$(inherited) @executable_path/../Frameworks @loader_path/Frameworks";
				MACOSX_DEPLOYMENT_TARGET = 10.11;
				PRODUCT_BUNDLE_IDENTIFIER = com.shouzer.extobjc;
				SDKROOT = macosx;
				SKIP_INSTALL = YES;
			};
			name = Debug;
		};
		7FAA85A61C1801C00011DA8D /* Release */ = {
			isa = XCBuildConfiguration;
			buildSettings = {
				CODE_SIGN_IDENTITY = "-";
				COMBINE_HIDPI_IMAGES = YES;
				DYLIB_COMPATIBILITY_VERSION = 1;
				DYLIB_CURRENT_VERSION = 1;
				DYLIB_INSTALL_NAME_BASE = "@rpath";
				FRAMEWORK_VERSION = A;
				INFOPLIST_FILE = extobjc/Info.plist;
				INSTALL_PATH = "$(LOCAL_LIBRARY_DIR)/Frameworks";
				LD_RUNPATH_SEARCH_PATHS = "$(inherited) @executable_path/../Frameworks @loader_path/Frameworks";
				MACOSX_DEPLOYMENT_TARGET = 10.11;
				PRODUCT_BUNDLE_IDENTIFIER = com.shouzer.extobjc;
				SDKROOT = macosx;
				SKIP_INSTALL = YES;
			};
			name = Release;
		};
/* End XCBuildConfiguration section */

/* Begin XCConfigurationList section */
		7FAA855B1C17FDC00011DA8D /* Build configuration list for PBXProject "extobjc" */ = {
			isa = XCConfigurationList;
			buildConfigurations = (
				7FAA85671C17FDC00011DA8D /* Debug */,
				7FAA85681C17FDC00011DA8D /* Release */,
			);
			defaultConfigurationIsVisible = 0;
			defaultConfigurationName = Release;
		};
		7FAA85691C17FDC00011DA8D /* Build configuration list for PBXNativeTarget "libextobjc (iOS)" */ = {
			isa = XCConfigurationList;
			buildConfigurations = (
				7FAA856A1C17FDC00011DA8D /* Debug */,
				7FAA856B1C17FDC00011DA8D /* Release */,
			);
			defaultConfigurationIsVisible = 0;
			defaultConfigurationName = Release;
		};
		7FAA85A41C1801C00011DA8D /* Build configuration list for PBXNativeTarget "libextobjc (OS X)" */ = {
			isa = XCConfigurationList;
			buildConfigurations = (
				7FAA85A51C1801C00011DA8D /* Debug */,
				7FAA85A61C1801C00011DA8D /* Release */,
			);
			defaultConfigurationIsVisible = 0;
			defaultConfigurationName = Release;
		};
/* End XCConfigurationList section */
	};
	rootObject = 7FAA85581C17FDC00011DA8D /* Project object */;
}
